
Microsoft Visual Studio Solution File, Format Version 10.00
# Visual Studio 2008
Project("{8BC9CEB8-8B4A-11D0-8D11-00A0C91BC942}") = "bbPlugLdr", "bbPlugLdr.vcproj", "{BAA00719-164C-4696-81B5-60887BFBA3D0}"
	ProjectSection(ProjectDependencies) = postProject
		{1E925A68-470C-47ED-8343-211FC07B1259} = {1E925A68-470C-47ED-8343-211FC07B1259}
		{6E76BD78-8F12-44E8-90D6-0657F70976FA} = {6E76BD78-8F12-44E8-90D6-0657F70976FA}
		{2D01F278-4219-4029-8B66-8FF8344A8D37} = {2D01F278-4219-4029-8B66-8FF8344A8D37}
		{02B91C7D-9EF5-4692-B913-EA683933A4E0} = {02B91C7D-9EF5-4692-B913-EA683933A4E0}
	EndProjectSection
EndProject
Project("{8BC9CEB8-8B4A-11D0-8D11-00A0C91BC942}") = "bbSimple", "bbSimple\bbSimple.vcproj", "{02B91C7D-9EF5-4692-B913-EA683933A4E0}"
EndProject
Project("{8BC9CEB8-8B4A-11D0-8D11-00A0C91BC942}") = "bbPlugin", "bbPlugin\bbPlugin.vcproj", "{1E925A68-470C-47ED-8343-211FC07B1259}"
EndProject
Project("{8BC9CEB8-8B4A-11D0-8D11-00A0C91BC942}") = "bbPluginSettings", "bbPluginSettings\bbPluginSettings.vcproj", "{6E76BD78-8F12-44E8-90D6-0657F70976FA}"
EndProject
Project("{8BC9CEB8-8B4A-11D0-8D11-00A0C91BC942}") = "bbanalog", "bbAnalog\bbanalog.vcproj", "{2D01F278-4219-4029-8B66-8FF8344A8D37}"
EndProject
Global
	GlobalSection(SolutionConfigurationPlatforms) = preSolution
		Debug|Win32 = Debug|Win32
		Release|Win32 = Release|Win32
	EndGlobalSection
	GlobalSection(ProjectConfigurationPlatforms) = postSolution
		{BAA00719-164C-4696-81B5-60887BFBA3D0}.Debug|Win32.ActiveCfg = Debug|Win32
		{BAA00719-164C-4696-81B5-60887BFBA3D0}.Debug|Win32.Build.0 = Debug|Win32
		{BAA00719-164C-4696-81B5-60887BFBA3D0}.Release|Win32.ActiveCfg = Release|Win32
		{BAA00719-164C-4696-81B5-60887BFBA3D0}.Release|Win32.Build.0 = Release|Win32
		{02B91C7D-9EF5-4692-B913-EA683933A4E0}.Debug|Win32.ActiveCfg = Debug|Win32
		{02B91C7D-9EF5-4692-B913-EA683933A4E0}.Debug|Win32.Build.0 = Debug|Win32
		{02B91C7D-9EF5-4692-B913-EA683933A4E0}.Release|Win32.ActiveCfg = Release|Win32
		{02B91C7D-9EF5-4692-B913-EA683933A4E0}.Release|Win32.Build.0 = Release|Win32
		{1E925A68-470C-47ED-8343-211FC07B1259}.Debug|Win32.ActiveCfg = Debug|Win32
		{1E925A68-470C-47ED-8343-211FC07B1259}.Debug|Win32.Build.0 = Debug|Win32
		{1E925A68-470C-47ED-8343-211FC07B1259}.Release|Win32.ActiveCfg = Release|Win32
		{1E925A68-470C-47ED-8343-211FC07B1259}.Release|Win32.Build.0 = Release|Win32
		{6E76BD78-8F12-44E8-90D6-0657F70976FA}.Debug|Win32.ActiveCfg = Debug|Win32
		{6E76BD78-8F12-44E8-90D6-0657F70976FA}.Debug|Win32.Build.0 = Debug|Win32
		{6E76BD78-8F12-44E8-90D6-0657F70976FA}.Release|Win32.ActiveCfg = Release|Win32
		{6E76BD78-8F12-44E8-90D6-0657F70976FA}.Release|Win32.Build.0 = Release|Win32
		{2D01F278-4219-4029-8B66-8FF8344A8D37}.Debug|Win32.ActiveCfg = Debug|Win32
		{2D01F278-4219-4029-8B66-8FF8344A8D37}.Debug|Win32.Build.0 = Debug|Win32
		{2D01F278-4219-4029-8B66-8FF8344A8D37}.Release|Win32.ActiveCfg = Release|Win32
		{2D01F278-4219-4029-8B66-8FF8344A8D37}.Release|Win32.Build.0 = Release|Win32
	EndGlobalSection
	GlobalSection(SolutionProperties) = preSolution
		HideSolutionNode = FALSE
	EndGlobalSection
EndGlobal
